// !$*UTF8*$!
{
	archiveVersion = 1;
	classes = {
	};
	objectVersion = 50;
	objects = {

/* Begin PBXBuildFile section */
		69D65CD124BB3ECA00608AF4 /* AppDelegate.swift in Sources */ = {isa = PBXBuildFile; fileRef = 69D65CD024BB3ECA00608AF4 /* AppDelegate.swift */; };
		69D65CD324BB3ECA00608AF4 /* SceneDelegate.swift in Sources */ = {isa = PBXBuildFile; fileRef = 69D65CD224BB3ECA00608AF4 /* SceneDelegate.swift */; };
		69D65CD524BB3ECA00608AF4 /* ContentView.swift in Sources */ = {isa = PBXBuildFile; fileRef = 69D65CD424BB3ECA00608AF4 /* ContentView.swift */; };
		69D65CD724BB3ECB00608AF4 /* Assets.xcassets in Resources */ = {isa = PBXBuildFile; fileRef = 69D65CD624BB3ECB00608AF4 /* Assets.xcassets */; };
		69D65CDA24BB3ECB00608AF4 /* Preview Assets.xcassets in Resources */ = {isa = PBXBuildFile; fileRef = 69D65CD924BB3ECB00608AF4 /* Preview Assets.xcassets */; };
		69D65CDD24BB3ECB00608AF4 /* LaunchScreen.storyboard in Resources */ = {isa = PBXBuildFile; fileRef = 69D65CDB24BB3ECB00608AF4 /* LaunchScreen.storyboard */; };
		69D65CE824BB3ECB00608AF4 /* opencv_on_iosTests.swift in Sources */ = {isa = PBXBuildFile; fileRef = 69D65CE724BB3ECB00608AF4 /* opencv_on_iosTests.swift */; };
		69D65CF324BB3ECC00608AF4 /* opencv_on_iosUITests.swift in Sources */ = {isa = PBXBuildFile; fileRef = 69D65CF224BB3ECC00608AF4 /* opencv_on_iosUITests.swift */; };
/* End PBXBuildFile section */

/* Begin PBXContainerItemProxy section */
		69D65CE424BB3ECB00608AF4 /* PBXContainerItemProxy */ = {
			isa = PBXContainerItemProxy;
			containerPortal = 69D65CC524BB3ECA00608AF4 /* Project object */;
			proxyType = 1;
			remoteGlobalIDString = 69D65CCC24BB3ECA00608AF4;
			remoteInfo = opencv_on_ios;
		};
		69D65CEF24BB3ECB00608AF4 /* PBXContainerItemProxy */ = {
			isa = PBXContainerItemProxy;
			containerPortal = 69D65CC524BB3ECA00608AF4 /* Project object */;
			proxyType = 1;
			remoteGlobalIDString = 69D65CCC24BB3ECA00608AF4;
			remoteInfo = opencv_on_ios;
		};
/* End PBXContainerItemProxy section */

/* Begin PBXFileReference section */
		69D65CCD24BB3ECA00608AF4 /* opencv_on_ios.app */ = {isa = PBXFileReference; explicitFileType = wrapper.application; includeInIndex = 0; path = opencv_on_ios.app; sourceTree = BUILT_PRODUCTS_DIR; };
		69D65CD024BB3ECA00608AF4 /* AppDelegate.swift */ = {isa = PBXFileReference; lastKnownFileType = sourcecode.swift; path = AppDelegate.swift; sourceTree = "<group>"; };
		69D65CD224BB3ECA00608AF4 /* SceneDelegate.swift */ = {isa = PBXFileReference; lastKnownFileType = sourcecode.swift; path = SceneDelegate.swift; sourceTree = "<group>"; };
		69D65CD424BB3ECA00608AF4 /* ContentView.swift */ = {isa = PBXFileReference; lastKnownFileType = sourcecode.swift; path = ContentView.swift; sourceTree = "<group>"; };
		69D65CD624BB3ECB00608AF4 /* Assets.xcassets */ = {isa = PBXFileReference; lastKnownFileType = folder.assetcatalog; path = Assets.xcassets; sourceTree = "<group>"; };
		69D65CD924BB3ECB00608AF4 /* Preview Assets.xcassets */ = {isa = PBXFileReference; lastKnownFileType = folder.assetcatalog; path = "Preview Assets.xcassets"; sourceTree = "<group>"; };
		69D65CDC24BB3ECB00608AF4 /* Base */ = {isa = PBXFileReference; lastKnownFileType = file.storyboard; name = Base; path = Base.lproj/LaunchScreen.storyboard; sourceTree = "<group>"; };
		69D65CDE24BB3ECB00608AF4 /* Info.plist */ = {isa = PBXFileReference; lastKnownFileType = text.plist.xml; path = Info.plist; sourceTree = "<group>"; };
		69D65CE324BB3ECB00608AF4 /* opencv_on_iosTests.xctest */ = {isa = PBXFileReference; explicitFileType = wrapper.cfbundle; includeInIndex = 0; path = opencv_on_iosTests.xctest; sourceTree = BUILT_PRODUCTS_DIR; };
		69D65CE724BB3ECB00608AF4 /* opencv_on_iosTests.swift */ = {isa = PBXFileReference; lastKnownFileType = sourcecode.swift; path = opencv_on_iosTests.swift; sourceTree = "<group>"; };
		69D65CE924BB3ECB00608AF4 /* Info.plist */ = {isa = PBXFileReference; lastKnownFileType = text.plist.xml; path = Info.plist; sourceTree = "<group>"; };
		69D65CEE24BB3ECB00608AF4 /* opencv_on_iosUITests.xctest */ = {isa = PBXFileReference; explicitFileType = wrapper.cfbundle; includeInIndex = 0; path = opencv_on_iosUITests.xctest; sourceTree = BUILT_PRODUCTS_DIR; };
		69D65CF224BB3ECC00608AF4 /* opencv_on_iosUITests.swift */ = {isa = PBXFileReference; lastKnownFileType = sourcecode.swift; path = opencv_on_iosUITests.swift; sourceTree = "<group>"; };
		69D65CF424BB3ECC00608AF4 /* Info.plist */ = {isa = PBXFileReference; lastKnownFileType = text.plist.xml; path = Info.plist; sourceTree = "<group>"; };
/* End PBXFileReference section */

/* Begin PBXFrameworksBuildPhase section */
		69D65CCA24BB3ECA00608AF4 /* Frameworks */ = {
			isa = PBXFrameworksBuildPhase;
			buildActionMask = 2147483647;
			files = (
			);
			runOnlyForDeploymentPostprocessing = 0;
		};
		69D65CE024BB3ECB00608AF4 /* Frameworks */ = {
			isa = PBXFrameworksBuildPhase;
			buildActionMask = 2147483647;
			files = (
			);
			runOnlyForDeploymentPostprocessing = 0;
		};
		69D65CEB24BB3ECB00608AF4 /* Frameworks */ = {
			isa = PBXFrameworksBuildPhase;
			buildActionMask = 2147483647;
			files = (
			);
			runOnlyForDeploymentPostprocessing = 0;
		};
/* End PBXFrameworksBuildPhase section */

/* Begin PBXGroup section */
		69D65CC424BB3ECA00608AF4 = {
			isa = PBXGroup;
			children = (
				69D65CCF24BB3ECA00608AF4 /* opencv_on_ios */,
				69D65CE624BB3ECB00608AF4 /* opencv_on_iosTests */,
				69D65CF124BB3ECB00608AF4 /* opencv_on_iosUITests */,
				69D65CCE24BB3ECA00608AF4 /* Products */,
			);
			sourceTree = "<group>";
		};
		69D65CCE24BB3ECA00608AF4 /* Products */ = {
			isa = PBXGroup;
			children = (
				69D65CCD24BB3ECA00608AF4 /* opencv_on_ios.app */,
				69D65CE324BB3ECB00608AF4 /* opencv_on_iosTests.xctest */,
				69D65CEE24BB3ECB00608AF4 /* opencv_on_iosUITests.xctest */,
			);
			name = Products;
			sourceTree = "<group>";
		};
		69D65CCF24BB3ECA00608AF4 /* opencv_on_ios */ = {
			isa = PBXGroup;
			children = (
				69D65CD024BB3ECA00608AF4 /* AppDelegate.swift */,
				69D65CD224BB3ECA00608AF4 /* SceneDelegate.swift */,
				69D65CD424BB3ECA00608AF4 /* ContentView.swift */,
				69D65CD624BB3ECB00608AF4 /* Assets.xcassets */,
				69D65CDB24BB3ECB00608AF4 /* LaunchScreen.storyboard */,
				69D65CDE24BB3ECB00608AF4 /* Info.plist */,
				69D65CD824BB3ECB00608AF4 /* Preview Content */,
			);
			path = opencv_on_ios;
			sourceTree = "<group>";
		};
		69D65CD824BB3ECB00608AF4 /* Preview Content */ = {
			isa = PBXGroup;
			children = (
				69D65CD924BB3ECB00608AF4 /* Preview Assets.xcassets */,
			);
			path = "Preview Content";
			sourceTree = "<group>";
		};
		69D65CE624BB3ECB00608AF4 /* opencv_on_iosTests */ = {
			isa = PBXGroup;
			children = (
				69D65CE724BB3ECB00608AF4 /* opencv_on_iosTests.swift */,
				69D65CE924BB3ECB00608AF4 /* Info.plist */,
			);
			path = opencv_on_iosTests;
			sourceTree = "<group>";
		};
		69D65CF124BB3ECB00608AF4 /* opencv_on_iosUITests */ = {
			isa = PBXGroup;
			children = (
				69D65CF224BB3ECC00608AF4 /* opencv_on_iosUITests.swift */,
				69D65CF424BB3ECC00608AF4 /* Info.plist */,
			);
			path = opencv_on_iosUITests;
			sourceTree = "<group>";
		};
/* End PBXGroup section */

/* Begin PBXNativeTarget section */
		69D65CCC24BB3ECA00608AF4 /* opencv_on_ios */ = {
			isa = PBXNativeTarget;
			buildConfigurationList = 69D65CF724BB3ECC00608AF4 /* Build configuration list for PBXNativeTarget "opencv_on_ios" */;
			buildPhases = (
				69D65CC924BB3ECA00608AF4 /* Sources */,
				69D65CCA24BB3ECA00608AF4 /* Frameworks */,
				69D65CCB24BB3ECA00608AF4 /* Resources */,
			);
			buildRules = (
			);
			dependencies = (
			);
			name = opencv_on_ios;
			productName = opencv_on_ios;
			productReference = 69D65CCD24BB3ECA00608AF4 /* opencv_on_ios.app */;
			productType = "com.apple.product-type.application";
		};
		69D65CE224BB3ECB00608AF4 /* opencv_on_iosTests */ = {
			isa = PBXNativeTarget;
			buildConfigurationList = 69D65CFA24BB3ECC00608AF4 /* Build configuration list for PBXNativeTarget "opencv_on_iosTests" */;
			buildPhases = (
				69D65CDF24BB3ECB00608AF4 /* Sources */,
				69D65CE024BB3ECB00608AF4 /* Frameworks */,
				69D65CE124BB3ECB00608AF4 /* Resources */,
			);
			buildRules = (
			);
			dependencies = (
				69D65CE524BB3ECB00608AF4 /* PBXTargetDependency */,
			);
			name = opencv_on_iosTests;
			productName = opencv_on_iosTests;
			productReference = 69D65CE324BB3ECB00608AF4 /* opencv_on_iosTests.xctest */;
			productType = "com.apple.product-type.bundle.unit-test";
		};
		69D65CED24BB3ECB00608AF4 /* opencv_on_iosUITests */ = {
			isa = PBXNativeTarget;
			buildConfigurationList = 69D65CFD24BB3ECC00608AF4 /* Build configuration list for PBXNativeTarget "opencv_on_iosUITests" */;
			buildPhases = (
				69D65CEA24BB3ECB00608AF4 /* Sources */,
				69D65CEB24BB3ECB00608AF4 /* Frameworks */,
				69D65CEC24BB3ECB00608AF4 /* Resources */,
			);
			buildRules = (
			);
			dependencies = (
				69D65CF024BB3ECB00608AF4 /* PBXTargetDependency */,
			);
			name = opencv_on_iosUITests;
			productName = opencv_on_iosUITests;
			productReference = 69D65CEE24BB3ECB00608AF4 /* opencv_on_iosUITests.xctest */;
			productType = "com.apple.product-type.bundle.ui-testing";
		};
/* End PBXNativeTarget section */

/* Begin PBXProject section */
		69D65CC524BB3ECA00608AF4 /* Project object */ = {
			isa = PBXProject;
			attributes = {
				LastSwiftUpdateCheck = 1150;
				LastUpgradeCheck = 1150;
				ORGANIZATIONNAME = "fukukazu kawata";
				TargetAttributes = {
					69D65CCC24BB3ECA00608AF4 = {
						CreatedOnToolsVersion = 11.5;
					};
					69D65CE224BB3ECB00608AF4 = {
						CreatedOnToolsVersion = 11.5;
						TestTargetID = 69D65CCC24BB3ECA00608AF4;
					};
					69D65CED24BB3ECB00608AF4 = {
						CreatedOnToolsVersion = 11.5;
						TestTargetID = 69D65CCC24BB3ECA00608AF4;
					};
				};
			};
			buildConfigurationList = 69D65CC824BB3ECA00608AF4 /* Build configuration list for PBXProject "opencv_on_ios" */;
			compatibilityVersion = "Xcode 9.3";
			developmentRegion = en;
			hasScannedForEncodings = 0;
			knownRegions = (
				en,
				Base,
			);
			mainGroup = 69D65CC424BB3ECA00608AF4;
			productRefGroup = 69D65CCE24BB3ECA00608AF4 /* Products */;
			projectDirPath = "";
			projectRoot = "";
			targets = (
				69D65CCC24BB3ECA00608AF4 /* opencv_on_ios */,
				69D65CE224BB3ECB00608AF4 /* opencv_on_iosTests */,
				69D65CED24BB3ECB00608AF4 /* opencv_on_iosUITests */,
			);
		};
/* End PBXProject section */

/* Begin PBXResourcesBuildPhase section */
		69D65CCB24BB3ECA00608AF4 /* Resources */ = {
			isa = PBXResourcesBuildPhase;
			buildActionMask = 2147483647;
			files = (
				69D65CDD24BB3ECB00608AF4 /* LaunchScreen.storyboard in Resources */,
				69D65CDA24BB3ECB00608AF4 /* Preview Assets.xcassets in Resources */,
				69D65CD724BB3ECB00608AF4 /* Assets.xcassets in Resources */,
			);
			runOnlyForDeploymentPostprocessing = 0;
		};
		69D65CE124BB3ECB00608AF4 /* Resources */ = {
			isa = PBXResourcesBuildPhase;
			buildActionMask = 2147483647;
			files = (
			);
			runOnlyForDeploymentPostprocessing = 0;
		};
		69D65CEC24BB3ECB00608AF4 /* Resources */ = {
			isa = PBXResourcesBuildPhase;
			buildActionMask = 2147483647;
			files = (
			);
			runOnlyForDeploymentPostprocessing = 0;
		};
/* End PBXResourcesBuildPhase section */

/* Begin PBXSourcesBuildPhase section */
		69D65CC924BB3ECA00608AF4 /* Sources */ = {
			isa = PBXSourcesBuildPhase;
			buildActionMask = 2147483647;
			files = (
				69D65CD124BB3ECA00608AF4 /* AppDelegate.swift in Sources */,
				69D65CD324BB3ECA00608AF4 /* SceneDelegate.swift in Sources */,
				69D65CD524BB3ECA00608AF4 /* ContentView.swift in Sources */,
			);
			runOnlyForDeploymentPostprocessing = 0;
		};
		69D65CDF24BB3ECB00608AF4 /* Sources */ = {
			isa = PBXSourcesBuildPhase;
			buildActionMask = 2147483647;
			files = (
				69D65CE824BB3ECB00608AF4 /* opencv_on_iosTests.swift in Sources */,
			);
			runOnlyForDeploymentPostprocessing = 0;
		};
		69D65CEA24BB3ECB00608AF4 /* Sources */ = {
			isa = PBXSourcesBuildPhase;
			buildActionMask = 2147483647;
			files = (
				69D65CF324BB3ECC00608AF4 /* opencv_on_iosUITests.swift in Sources */,
			);
			runOnlyForDeploymentPostprocessing = 0;
		};
/* End PBXSourcesBuildPhase section */

/* Begin PBXTargetDependency section */
		69D65CE524BB3ECB00608AF4 /* PBXTargetDependency */ = {
			isa = PBXTargetDependency;
			target = 69D65CCC24BB3ECA00608AF4 /* opencv_on_ios */;
			targetProxy = 69D65CE424BB3ECB00608AF4 /* PBXContainerItemProxy */;
		};
		69D65CF024BB3ECB00608AF4 /* PBXTargetDependency */ = {
			isa = PBXTargetDependency;
			target = 69D65CCC24BB3ECA00608AF4 /* opencv_on_ios */;
			targetProxy = 69D65CEF24BB3ECB00608AF4 /* PBXContainerItemProxy */;
		};
/* End PBXTargetDependency section */

/* Begin PBXVariantGroup section */
		69D65CDB24BB3ECB00608AF4 /* LaunchScreen.storyboard */ = {
			isa = PBXVariantGroup;
			children = (
				69D65CDC24BB3ECB00608AF4 /* Base */,
			);
			name = LaunchScreen.storyboard;
			sourceTree = "<group>";
		};
/* End PBXVariantGroup section */

/* Begin XCBuildConfiguration section */
		69D65CF524BB3ECC00608AF4 /* Debug */ = {
			isa = XCBuildConfiguration;
			buildSettings = {
				ALWAYS_SEARCH_USER_PATHS = NO;
				CLANG_ANALYZER_NONNULL = YES;
				CLANG_ANALYZER_NUMBER_OBJECT_CONVERSION = YES_AGGRESSIVE;
				CLANG_CXX_LANGUAGE_STANDARD = "gnu++14";
				CLANG_CXX_LIBRARY = "libc++";
				CLANG_ENABLE_MODULES = YES;
				CLANG_ENABLE_OBJC_ARC = YES;
				CLANG_ENABLE_OBJC_WEAK = YES;
				CLANG_WARN_BLOCK_CAPTURE_AUTORELEASING = YES;
				CLANG_WARN_BOOL_CONVERSION = YES;
				CLANG_WARN_COMMA = YES;
				CLANG_WARN_CONSTANT_CONVERSION = YES;
				CLANG_WARN_DEPRECATED_OBJC_IMPLEMENTATIONS = YES;
				CLANG_WARN_DIRECT_OBJC_ISA_USAGE = YES_ERROR;
				CLANG_WARN_DOCUMENTATION_COMMENTS = YES;
				CLANG_WARN_EMPTY_BODY = YES;
				CLANG_WARN_ENUM_CONVERSION = YES;
				CLANG_WARN_INFINITE_RECURSION = YES;
				CLANG_WARN_INT_CONVERSION = YES;
				CLANG_WARN_NON_LITERAL_NULL_CONVERSION = YES;
				CLANG_WARN_OBJC_IMPLICIT_RETAIN_SELF = YES;
				CLANG_WARN_OBJC_LITERAL_CONVERSION = YES;
				CLANG_WARN_OBJC_ROOT_CLASS = YES_ERROR;
				CLANG_WARN_RANGE_LOOP_ANALYSIS = YES;
				CLANG_WARN_STRICT_PROTOTYPES = YES;
				CLANG_WARN_SUSPICIOUS_MOVE = YES;
				CLANG_WARN_UNGUARDED_AVAILABILITY = YES_AGGRESSIVE;
				CLANG_WARN_UNREACHABLE_CODE = YES;
				CLANG_WARN__DUPLICATE_METHOD_MATCH = YES;
				COPY_PHASE_STRIP = NO;
				DEBUG_INFORMATION_FORMAT = dwarf;
				ENABLE_STRICT_OBJC_MSGSEND = YES;
				ENABLE_TESTABILITY = YES;
				GCC_C_LANGUAGE_STANDARD = gnu11;
				GCC_DYNAMIC_NO_PIC = NO;
				GCC_NO_COMMON_BLOCKS = YES;
				GCC_OPTIMIZATION_LEVEL = 0;
				GCC_PREPROCESSOR_DEFINITIONS = (
					"DEBUG=1",
					"$(inherited)",
				);
				GCC_WARN_64_TO_32_BIT_CONVERSION = YES;
				GCC_WARN_ABOUT_RETURN_TYPE = YES_ERROR;
				GCC_WARN_UNDECLARED_SELECTOR = YES;
				GCC_WARN_UNINITIALIZED_AUTOS = YES_AGGRESSIVE;
				GCC_WARN_UNUSED_FUNCTION = YES;
				GCC_WARN_UNUSED_VARIABLE = YES;
				IPHONEOS_DEPLOYMENT_TARGET = 13.5;
				MTL_ENABLE_DEBUG_INFO = INCLUDE_SOURCE;
				MTL_FAST_MATH = YES;
				ONLY_ACTIVE_ARCH = YES;
				SDKROOT = iphoneos;
				SWIFT_ACTIVE_COMPILATION_CONDITIONS = DEBUG;
				SWIFT_OPTIMIZATION_LEVEL = "-Onone";
			};
			name = Debug;
		};
		69D65CF624BB3ECC00608AF4 /* Release */ = {
			isa = XCBuildConfiguration;
			buildSettings = {
				ALWAYS_SEARCH_USER_PATHS = NO;
				CLANG_ANALYZER_NONNULL = YES;
				CLANG_ANALYZER_NUMBER_OBJECT_CONVERSION = YES_AGGRESSIVE;
				CLANG_CXX_LANGUAGE_STANDARD = "gnu++14";
				CLANG_CXX_LIBRARY = "libc++";
				CLANG_ENABLE_MODULES = YES;
				CLANG_ENABLE_OBJC_ARC = YES;
				CLANG_ENABLE_OBJC_WEAK = YES;
				CLANG_WARN_BLOCK_CAPTURE_AUTORELEASING = YES;
				CLANG_WARN_BOOL_CONVERSION = YES;
				CLANG_WARN_COMMA = YES;
				CLANG_WARN_CONSTANT_CONVERSION = YES;
				CLANG_WARN_DEPRECATED_OBJC_IMPLEMENTATIONS = YES;
				CLANG_WARN_DIRECT_OBJC_ISA_USAGE = YES_ERROR;
				CLANG_WARN_DOCUMENTATION_COMMENTS = YES;
				CLANG_WARN_EMPTY_BODY = YES;
				CLANG_WARN_ENUM_CONVERSION = YES;
				CLANG_WARN_INFINITE_RECURSION = YES;
				CLANG_WARN_INT_CONVERSION = YES;
				CLANG_WARN_NON_LITERAL_NULL_CONVERSION = YES;
				CLANG_WARN_OBJC_IMPLICIT_RETAIN_SELF = YES;
				CLANG_WARN_OBJC_LITERAL_CONVERSION = YES;
				CLANG_WARN_OBJC_ROOT_CLASS = YES_ERROR;
				CLANG_WARN_RANGE_LOOP_ANALYSIS = YES;
				CLANG_WARN_STRICT_PROTOTYPES = YES;
				CLANG_WARN_SUSPICIOUS_MOVE = YES;
				CLANG_WARN_UNGUARDED_AVAILABILITY = YES_AGGRESSIVE;
				CLANG_WARN_UNREACHABLE_CODE = YES;
				CLANG_WARN__DUPLICATE_METHOD_MATCH = YES;
				COPY_PHASE_STRIP = NO;
				DEBUG_INFORMATION_FORMAT = "dwarf-with-dsym";
				ENABLE_NS_ASSERTIONS = NO;
				ENABLE_STRICT_OBJC_MSGSEND = YES;
				GCC_C_LANGUAGE_STANDARD = gnu11;
				GCC_NO_COMMON_BLOCKS = YES;
				GCC_WARN_64_TO_32_BIT_CONVERSION = YES;
				GCC_WARN_ABOUT_RETURN_TYPE = YES_ERROR;
				GCC_WARN_UNDECLARED_SELECTOR = YES;
				GCC_WARN_UNINITIALIZED_AUTOS = YES_AGGRESSIVE;
				GCC_WARN_UNUSED_FUNCTION = YES;
				GCC_WARN_UNUSED_VARIABLE = YES;
				IPHONEOS_DEPLOYMENT_TARGET = 13.5;
				MTL_ENABLE_DEBUG_INFO = NO;
				MTL_FAST_MATH = YES;
				SDKROOT = iphoneos;
				SWIFT_COMPILATION_MODE = wholemodule;
				SWIFT_OPTIMIZATION_LEVEL = "-O";
				VALIDATE_PRODUCT = YES;
			};
			name = Release;
		};
		69D65CF824BB3ECC00608AF4 /* Debug */ = {
			isa = XCBuildConfiguration;
			buildSettings = {
				ASSETCATALOG_COMPILER_APPICON_NAME = AppIcon;
				CODE_SIGN_STYLE = Automatic;
				DEVELOPMENT_ASSET_PATHS = "\"opencv_on_ios/Preview Content\"";
				ENABLE_PREVIEWS = YES;
				INFOPLIST_FILE = opencv_on_ios/Info.plist;
				LD_RUNPATH_SEARCH_PATHS = (
					"$(inherited)",
					"@executable_path/Frameworks",
				);
				PRODUCT_BUNDLE_IDENTIFIER = "fugashy.opencv-on-ios";
				PRODUCT_NAME = "$(TARGET_NAME)";
				SWIFT_VERSION = 5.0;
				TARGETED_DEVICE_FAMILY = "1,2";
			};
			name = Debug;
		};
		69D65CF924BB3ECC00608AF4 /* Release */ = {
			isa = XCBuildConfiguration;
			buildSettings = {
				ASSETCATALOG_COMPILER_APPICON_NAME = AppIcon;
				CODE_SIGN_STYLE = Automatic;
				DEVELOPMENT_ASSET_PATHS = "\"opencv_on_ios/Preview Content\"";
				ENABLE_PREVIEWS = YES;
				INFOPLIST_FILE = opencv_on_ios/Info.plist;
				LD_RUNPATH_SEARCH_PATHS = (
					"$(inherited)",
					"@executable_path/Frameworks",
				);
				PRODUCT_BUNDLE_IDENTIFIER = "fugashy.opencv-on-ios";
				PRODUCT_NAME = "$(TARGET_NAME)";
				SWIFT_VERSION = 5.0;
				TARGETED_DEVICE_FAMILY = "1,2";
			};
			name = Release;
		};
		69D65CFB24BB3ECC00608AF4 /* Debug */ = {
			isa = XCBuildConfiguration;
			buildSettings = {
				ALWAYS_EMBED_SWIFT_STANDARD_LIBRARIES = YES;
				BUNDLE_LOADER = "$(TEST_HOST)";
				CODE_SIGN_STYLE = Automatic;
				INFOPLIST_FILE = opencv_on_iosTests/Info.plist;
				IPHONEOS_DEPLOYMENT_TARGET = 13.5;
				LD_RUNPATH_SEARCH_PATHS = (
					"$(inherited)",
					"@executable_path/Frameworks",
					"@loader_path/Frameworks",
				);
				PRODUCT_BUNDLE_IDENTIFIER = "fugashy.opencv-on-iosTests";
				PRODUCT_NAME = "$(TARGET_NAME)";
				SWIFT_VERSION = 5.0;
				TARGETED_DEVICE_FAMILY = "1,2";
				TEST_HOST = "$(BUILT_PRODUCTS_DIR)/opencv_on_ios.app/opencv_on_ios";
			};
			name = Debug;
		};
		69D65CFC24BB3ECC00608AF4 /* Release */ = {
			isa = XCBuildConfiguration;
			buildSettings = {
				ALWAYS_EMBED_SWIFT_STANDARD_LIBRARIES = YES;
				BUNDLE_LOADER = "$(TEST_HOST)";
				CODE_SIGN_STYLE = Automatic;
				INFOPLIST_FILE = opencv_on_iosTests/Info.plist;
				IPHONEOS_DEPLOYMENT_TARGET = 13.5;
				LD_RUNPATH_SEARCH_PATHS = (
					"$(inherited)",
					"@executable_path/Frameworks",
					"@loader_path/Frameworks",
				);
				PRODUCT_BUNDLE_IDENTIFIER = "fugashy.opencv-on-iosTests";
				PRODUCT_NAME = "$(TARGET_NAME)";
				SWIFT_VERSION = 5.0;
				TARGETED_DEVICE_FAMILY = "1,2";
				TEST_HOST = "$(BUILT_PRODUCTS_DIR)/opencv_on_ios.app/opencv_on_ios";
			};
			name = Release;
		};
		69D65CFE24BB3ECC00608AF4 /* Debug */ = {
			isa = XCBuildConfiguration;
			buildSettings = {
				ALWAYS_EMBED_SWIFT_STANDARD_LIBRARIES = YES;
				CODE_SIGN_STYLE = Automatic;
				INFOPLIST_FILE = opencv_on_iosUITests/Info.plist;
				LD_RUNPATH_SEARCH_PATHS = (
					"$(inherited)",
					"@executable_path/Frameworks",
					"@loader_path/Frameworks",
				);
				PRODUCT_BUNDLE_IDENTIFIER = "fugashy.opencv-on-iosUITests";
				PRODUCT_NAME = "$(TARGET_NAME)";
				SWIFT_VERSION = 5.0;
				TARGETED_DEVICE_FAMILY = "1,2";
				TEST_TARGET_NAME = opencv_on_ios;
			};
			name = Debug;
		};
		69D65CFF24BB3ECC00608AF4 /* Release */ = {
			isa = XCBuildConfiguration;
			buildSettings = {
				ALWAYS_EMBED_SWIFT_STANDARD_LIBRARIES = YES;
				CODE_SIGN_STYLE = Automatic;
				INFOPLIST_FILE = opencv_on_iosUITests/Info.plist;
				LD_RUNPATH_SEARCH_PATHS = (
					"$(inherited)",
					"@executable_path/Frameworks",
					"@loader_path/Frameworks",
				);
				PRODUCT_BUNDLE_IDENTIFIER = "fugashy.opencv-on-iosUITests";
				PRODUCT_NAME = "$(TARGET_NAME)";
				SWIFT_VERSION = 5.0;
				TARGETED_DEVICE_FAMILY = "1,2";
				TEST_TARGET_NAME = opencv_on_ios;
			};
			name = Release;
		};
/* End XCBuildConfiguration section */

/* Begin XCConfigurationList section */
		69D65CC824BB3ECA00608AF4 /* Build configuration list for PBXProject "opencv_on_ios" */ = {
			isa = XCConfigurationList;
			buildConfigurations = (
				69D65CF524BB3ECC00608AF4 /* Debug */,
				69D65CF624BB3ECC00608AF4 /* Release */,
			);
			defaultConfigurationIsVisible = 0;
			defaultConfigurationName = Release;
		};
		69D65CF724BB3ECC00608AF4 /* Build configuration list for PBXNativeTarget "opencv_on_ios" */ = {
			isa = XCConfigurationList;
			buildConfigurations = (
				69D65CF824BB3ECC00608AF4 /* Debug */,
				69D65CF924BB3ECC00608AF4 /* Release */,
			);
			defaultConfigurationIsVisible = 0;
			defaultConfigurationName = Release;
		};
		69D65CFA24BB3ECC00608AF4 /* Build configuration list for PBXNativeTarget "opencv_on_iosTests" */ = {
			isa = XCConfigurationList;
			buildConfigurations = (
				69D65CFB24BB3ECC00608AF4 /* Debug */,
				69D65CFC24BB3ECC00608AF4 /* Release */,
			);
			defaultConfigurationIsVisible = 0;
			defaultConfigurationName = Release;
		};
		69D65CFD24BB3ECC00608AF4 /* Build configuration list for PBXNativeTarget "opencv_on_iosUITests" */ = {
			isa = XCConfigurationList;
			buildConfigurations = (
				69D65CFE24BB3ECC00608AF4 /* Debug */,
				69D65CFF24BB3ECC00608AF4 /* Release */,
			);
			defaultConfigurationIsVisible = 0;
			defaultConfigurationName = Release;
		};
/* End XCConfigurationList section */
	};
	rootObject = 69D65CC524BB3ECA00608AF4 /* Project object */;
}
